<?xml version="1.0" encoding="utf-8"?>
<Project ToolsVersion="4.0" xmlns="http://schemas.microsoft.com/developer/msbuild/2003">
  <ItemGroup>
    <ClCompile Include="src\Sandbox.cpp" />
  </ItemGroup>
  <ItemGroup>
    <Filter Include="assets">
      <UniqueIdentifier>{37efd436-407a-43f3-acf9-dc8ec71eca7c}</UniqueIdentifier>
    </Filter>
    <Filter Include="assets\textures">
      <UniqueIdentifier>{7a21cd29-6c0b-4f76-af44-91f0b7d6f28f}</UniqueIdentifier>
    </Filter>
  </ItemGroup>
</Project>