<?xml version="1.0" encoding="utf-8"?>
<Project ToolsVersion="4.0" xmlns="http://schemas.microsoft.com/developer/msbuild/2003">
  <ItemGroup>
    <Filter Include="Lumen">
      <UniqueIdentifier>{E64BA00D-5260-C8BE-1BE2-6B1E87B5C4EF}</UniqueIdentifier>
    </Filter>
    <Filter Include="Lumen\Events">
      <UniqueIdentifier>{0AD998D1-F63B-2876-9FC1-602C8B03F4F8}</UniqueIdentifier>
    </Filter>
    <Filter Include="Lumen\imgui">
      <UniqueIdentifier>{D02D8BB3-3CE3-03A9-C5D7-FD7F318CFAAC}</UniqueIdentifier>
    </Filter>
    <Filter Include="Platforms">
      <UniqueIdentifier>{DDACA145-4917-56BC-9255-0762FEFE3311}</UniqueIdentifier>
    </Filter>
    <Filter Include="Platforms\OpenGL">
      <UniqueIdentifier>{719BB998-5D94-D8EA-86C6-BD6F721EB8F6}</UniqueIdentifier>
    </Filter>
    <Filter Include="Platforms\Windows">
      <UniqueIdentifier>{17E40808-83FA-069E-CC71-92BF38C7D725}</UniqueIdentifier>
    </Filter>
  </ItemGroup>
  <ItemGroup>
    <ClInclude Include="src\Lumen.h" />
    <ClInclude Include="src\Lumen\Application.h">
      <Filter>Lumen</Filter>
    </ClInclude>
    <ClInclude Include="src\Lumen\Core.h">
      <Filter>Lumen</Filter>
    </ClInclude>
    <ClInclude Include="src\Lumen\EntryPoint.h">
      <Filter>Lumen</Filter>
    </ClInclude>
    <ClInclude Include="src\Lumen\Events\ApplicationEvents.h">
      <Filter>Lumen\Events</Filter>
    </ClInclude>
    <ClInclude Include="src\Lumen\Events\Event.h">
      <Filter>Lumen\Events</Filter>
    </ClInclude>
    <ClInclude Include="src\Lumen\Events\KeyEvent.h">
      <Filter>Lumen\Events</Filter>
    </ClInclude>
    <ClInclude Include="src\Lumen\Events\MouseEvent.h">
      <Filter>Lumen\Events</Filter>
    </ClInclude>
    <ClInclude Include="src\Lumen\Layer.h">
      <Filter>Lumen</Filter>
    </ClInclude>
    <ClInclude Include="src\Lumen\LayerStack.h">
      <Filter>Lumen</Filter>
    </ClInclude>
    <ClInclude Include="src\Lumen\Log.h">
      <Filter>Lumen</Filter>
    </ClInclude>
    <ClInclude Include="src\Lumen\Window.h">
      <Filter>Lumen</Filter>
    </ClInclude>
    <ClInclude Include="src\Lumen\imgui\ImGuiLayer.h">
      <Filter>Lumen\imgui</Filter>
    </ClInclude>
    <ClInclude Include="src\Platforms\OpenGL\ImGuiOpenGLRenderer.h">
      <Filter>Platforms\OpenGL</Filter>
    </ClInclude>
    <ClInclude Include="src\Platforms\OpenGL\imgui_impl_opengl3_loader.h">
      <Filter>Platforms\OpenGL</Filter>
    </ClInclude>
    <ClInclude Include="src\WindowsWindows.h" />
    <ClInclude Include="src\lmpch.h" />
  </ItemGroup>
  <ItemGroup>
    <ClCompile Include="src\Lumen\Application.cpp">
      <Filter>Lumen</Filter>
    </ClCompile>
    <ClCompile Include="src\Lumen\Layer.cpp">
      <Filter>Lumen</Filter>
    </ClCompile>
    <ClCompile Include="src\Lumen\LayerStack.cpp">
      <Filter>Lumen</Filter>
    </ClCompile>
    <ClCompile Include="src\Lumen\Log.cpp">
      <Filter>Lumen</Filter>
    </ClCompile>
    <ClCompile Include="src\Lumen\imgui\ImGuiLayer.cpp">
      <Filter>Lumen\imgui</Filter>
    </ClCompile>
    <ClCompile Include="src\Platforms\OpenGL\ImGuiOpenGLRenderer.cpp">
      <Filter>Platforms\OpenGL</Filter>
    </ClCompile>
    <ClCompile Include="src\Platforms\Windows\WindowsWindows.cpp">
      <Filter>Platforms\Windows</Filter>
    </ClCompile>
    <ClCompile Include="src\lmpch.cpp" />
  </ItemGroup>
</Project>